// !$*UTF8*$!
{
	archiveVersion = 1;
	classes = {
	};
	objectVersion = 77;
	objects = {

/* Begin PBXBuildFile section */
		7654E5592F019E77003E0465 /* iOSApp.swift in Sources */ = {isa = PBXBuildFile; fileRef = 7654E5562F019E77003E0465 /* iOSApp.swift */; };
		7654E55A2F019E77003E0465 /* Preview Assets.xcassets in Resources */ = {isa = PBXBuildFile; fileRef = 7654E5512F019E77003E0465 /* Preview Assets.xcassets */; };
		7654E55B2F019E77003E0465 /* Assets.xcassets in Resources */ = {isa = PBXBuildFile; fileRef = 7654E5532F019E77003E0465 /* Assets.xcassets */; };
		7654E55F2F019EC3003E0465 /* TabBarScreen.swift in Sources */ = {isa = PBXBuildFile; fileRef = 7654E55E2F019EC3003E0465 /* TabBarScreen.swift */; };
		7654E5652F01A004003E0465 /* WorkoutsScreen.swift in Sources */ = {isa = PBXBuildFile; fileRef = 7654E5642F01A004003E0465 /* WorkoutsScreen.swift */; };
		7654E5672F01A022003E0465 /* ExercisesScreen.swift in Sources */ = {isa = PBXBuildFile; fileRef = 7654E5662F01A022003E0465 /* ExercisesScreen.swift */; };
		7654E5692F01A02B003E0465 /* InfoScreen.swift in Sources */ = {isa = PBXBuildFile; fileRef = 7654E5682F01A02B003E0465 /* InfoScreen.swift */; };
		7654E5722F01C133003E0465 /* CFlowExt.swift in Sources */ = {isa = PBXBuildFile; fileRef = 7654E56B2F01C133003E0465 /* CFlowExt.swift */; };
		7654E5732F01C133003E0465 /* ViewModelStateNullable.swift in Sources */ = {isa = PBXBuildFile; fileRef = 7654E5702F01C133003E0465 /* ViewModelStateNullable.swift */; };
		7654E5742F01C133003E0465 /* ViewModelBinding.swift in Sources */ = {isa = PBXBuildFile; fileRef = 7654E56D2F01C133003E0465 /* ViewModelBinding.swift */; };
		7654E5752F01C133003E0465 /* ViewModelState.swift in Sources */ = {isa = PBXBuildFile; fileRef = 7654E56F2F01C133003E0465 /* ViewModelState.swift */; };
		7654E5762F01C133003E0465 /* ViewModelObservable.swift in Sources */ = {isa = PBXBuildFile; fileRef = 7654E56E2F01C133003E0465 /* ViewModelObservable.swift */; };
		76951C8E2F07C140003311F2 /* ExerciseListRow.swift in Sources */ = {isa = PBXBuildFile; fileRef = 76951C8D2F07C140003311F2 /* ExerciseListRow.swift */; };
/* End PBXBuildFile section */

/* Begin PBXFileReference section */
		2557CB70B6D507C6FD59886D /* SportAppKMP.app */ = {isa = PBXFileReference; explicitFileType = wrapper.application; includeInIndex = 0; path = SportAppKMP.app; sourceTree = BUILT_PRODUCTS_DIR; };
		7654E54F2F019E74003E0465 /* Config.xcconfig */ = {isa = PBXFileReference; lastKnownFileType = text.xcconfig; path = Config.xcconfig; sourceTree = "<group>"; };
		7654E5512F019E77003E0465 /* Preview Assets.xcassets */ = {isa = PBXFileReference; lastKnownFileType = folder.assetcatalog; path = "Preview Assets.xcassets"; sourceTree = "<group>"; };
		7654E5532F019E77003E0465 /* Assets.xcassets */ = {isa = PBXFileReference; lastKnownFileType = folder.assetcatalog; path = Assets.xcassets; sourceTree = "<group>"; };
		7654E5552F019E77003E0465 /* Info.plist */ = {isa = PBXFileReference; lastKnownFileType = text.plist.xml; path = Info.plist; sourceTree = "<group>"; };
		7654E5562F019E77003E0465 /* iOSApp.swift */ = {isa = PBXFileReference; lastKnownFileType = sourcecode.swift; path = iOSApp.swift; sourceTree = "<group>"; };
		7654E55E2F019EC3003E0465 /* TabBarScreen.swift */ = {isa = PBXFileReference; lastKnownFileType = sourcecode.swift; path = TabBarScreen.swift; sourceTree = "<group>"; };
		7654E5642F01A004003E0465 /* WorkoutsScreen.swift */ = {isa = PBXFileReference; lastKnownFileType = sourcecode.swift; path = WorkoutsScreen.swift; sourceTree = "<group>"; };
		7654E5662F01A022003E0465 /* ExercisesScreen.swift */ = {isa = PBXFileReference; lastKnownFileType = sourcecode.swift; path = ExercisesScreen.swift; sourceTree = "<group>"; };
		7654E5682F01A02B003E0465 /* InfoScreen.swift */ = {isa = PBXFileReference; lastKnownFileType = sourcecode.swift; path = InfoScreen.swift; sourceTree = "<group>"; };
		7654E56B2F01C133003E0465 /* CFlowExt.swift */ = {isa = PBXFileReference; lastKnownFileType = sourcecode.swift; path = CFlowExt.swift; sourceTree = "<group>"; };
		7654E56C2F01C133003E0465 /* mokoMvvmFlowSwiftUI.h */ = {isa = PBXFileReference; lastKnownFileType = sourcecode.c.h; path = mokoMvvmFlowSwiftUI.h; sourceTree = "<group>"; };
		7654E56D2F01C133003E0465 /* ViewModelBinding.swift */ = {isa = PBXFileReference; lastKnownFileType = sourcecode.swift; path = ViewModelBinding.swift; sourceTree = "<group>"; };
		7654E56E2F01C133003E0465 /* ViewModelObservable.swift */ = {isa = PBXFileReference; lastKnownFileType = sourcecode.swift; path = ViewModelObservable.swift; sourceTree = "<group>"; };
		7654E56F2F01C133003E0465 /* ViewModelState.swift */ = {isa = PBXFileReference; lastKnownFileType = sourcecode.swift; path = ViewModelState.swift; sourceTree = "<group>"; };
		7654E5702F01C133003E0465 /* ViewModelStateNullable.swift */ = {isa = PBXFileReference; lastKnownFileType = sourcecode.swift; path = ViewModelStateNullable.swift; sourceTree = "<group>"; };
		76951C8D2F07C140003311F2 /* ExerciseListRow.swift */ = {isa = PBXFileReference; lastKnownFileType = sourcecode.swift; path = ExerciseListRow.swift; sourceTree = "<group>"; };
/* End PBXFileReference section */

/* Begin PBXFrameworksBuildPhase section */
		FE60B521A7DF357028023058 /* Frameworks */ = {
			isa = PBXFrameworksBuildPhase;
			buildActionMask = 2147483647;
			files = (
			);
			runOnlyForDeploymentPostprocessing = 0;
		};
/* End PBXFrameworksBuildPhase section */

/* Begin PBXGroup section */
		7654E5502F019E74003E0465 /* Configuration */ = {
			isa = PBXGroup;
			children = (
				7654E54F2F019E74003E0465 /* Config.xcconfig */,
			);
			path = Configuration;
			sourceTree = "<group>";
		};
		7654E5522F019E77003E0465 /* Preview Content */ = {
			isa = PBXGroup;
			children = (
				7654E5512F019E77003E0465 /* Preview Assets.xcassets */,
			);
			path = "Preview Content";
			sourceTree = "<group>";
		};
		7654E5572F019E77003E0465 /* iosApp */ = {
			isa = PBXGroup;
			children = (
				7654E55D2F019E89003E0465 /* App */,
				7654E5562F019E77003E0465 /* iOSApp.swift */,
				7654E5602F019F2E003E0465 /* Presentation */,
				7654E5522F019E77003E0465 /* Preview Content */,
			);
			path = iosApp;
			sourceTree = "<group>";
		};
		7654E55D2F019E89003E0465 /* App */ = {
			isa = PBXGroup;
			children = (
				7654E5532F019E77003E0465 /* Assets.xcassets */,
				7654E5552F019E77003E0465 /* Info.plist */,
			);
			path = App;
			sourceTree = "<group>";
		};
		7654E5602F019F2E003E0465 /* Presentation */ = {
			isa = PBXGroup;
			children = (
				7654E55E2F019EC3003E0465 /* TabBarScreen.swift */,
				7654E5612F019F3C003E0465 /* WorkoutsTab */,
				7654E5622F019F4B003E0465 /* ExercisesTab */,
				7654E5632F019F56003E0465 /* InfoTab */,
				7654E56A2F01C129003E0465 /* Utils */,
			);
			path = Presentation;
			sourceTree = "<group>";
		};
		7654E5612F019F3C003E0465 /* WorkoutsTab */ = {
			isa = PBXGroup;
			children = (
				7654E5642F01A004003E0465 /* WorkoutsScreen.swift */,
			);
			path = WorkoutsTab;
			sourceTree = "<group>";
		};
		7654E5622F019F4B003E0465 /* ExercisesTab */ = {
			isa = PBXGroup;
			children = (
				7654E5662F01A022003E0465 /* ExercisesScreen.swift */,
				76951C8C2F07C0FD003311F2 /* ExercisesScreenViews */,
			);
			path = ExercisesTab;
			sourceTree = "<group>";
		};
		7654E5632F019F56003E0465 /* InfoTab */ = {
			isa = PBXGroup;
			children = (
				7654E5682F01A02B003E0465 /* InfoScreen.swift */,
			);
			path = InfoTab;
			sourceTree = "<group>";
		};
		7654E56A2F01C129003E0465 /* Utils */ = {
			isa = PBXGroup;
			children = (
				7654E5712F01C133003E0465 /* mokoMvvmFlowSwiftUI */,
			);
			path = Utils;
			sourceTree = "<group>";
		};
		7654E5712F01C133003E0465 /* mokoMvvmFlowSwiftUI */ = {
			isa = PBXGroup;
			children = (
				7654E56B2F01C133003E0465 /* CFlowExt.swift */,
				7654E56C2F01C133003E0465 /* mokoMvvmFlowSwiftUI.h */,
				7654E56D2F01C133003E0465 /* ViewModelBinding.swift */,
				7654E56E2F01C133003E0465 /* ViewModelObservable.swift */,
				7654E56F2F01C133003E0465 /* ViewModelState.swift */,
				7654E5702F01C133003E0465 /* ViewModelStateNullable.swift */,
			);
			path = mokoMvvmFlowSwiftUI;
			sourceTree = "<group>";
		};
		76951C8C2F07C0FD003311F2 /* ExercisesScreenViews */ = {
			isa = PBXGroup;
			children = (
				76951C8D2F07C140003311F2 /* ExerciseListRow.swift */,
			);
			path = ExercisesScreenViews;
			sourceTree = "<group>";
		};
		BD608C87FDF7E64F1B4BBEE2 /* Products */ = {
			isa = PBXGroup;
			children = (
				2557CB70B6D507C6FD59886D /* SportAppKMP.app */,
			);
			name = Products;
			sourceTree = "<group>";
		};
		EBC945436ACFF518C9B2FBF4 = {
			isa = PBXGroup;
			children = (
				7654E5572F019E77003E0465 /* iosApp */,
				7654E5502F019E74003E0465 /* Configuration */,
				BD608C87FDF7E64F1B4BBEE2 /* Products */,
			);
			sourceTree = "<group>";
		};
/* End PBXGroup section */

/* Begin PBXNativeTarget section */
		68C74510121B1C74E5C1C3AC /* iosApp */ = {
			isa = PBXNativeTarget;
			buildConfigurationList = 9453DF087C9AA97172AB8170 /* Build configuration list for PBXNativeTarget "iosApp" */;
			buildPhases = (
				246F55D3133C2AFD4E66FD03 /* Compile Kotlin Framework */,
				E1E9E5388A1AF1ADA4F2B6F5 /* Sources */,
				FE60B521A7DF357028023058 /* Frameworks */,
				A4FD130FECBA1F910BD1472F /* Resources */,
			);
			buildRules = (
			);
			dependencies = (
			);
			name = iosApp;
			packageProductDependencies = (
			);
			productName = iosApp;
			productReference = 2557CB70B6D507C6FD59886D /* SportAppKMP.app */;
			productType = "com.apple.product-type.application";
		};
/* End PBXNativeTarget section */

/* Begin PBXProject section */
		0CDDAB3466B3BDF296DBF3E6 /* Project object */ = {
			isa = PBXProject;
			attributes = {
				BuildIndependentTargetsInParallel = 1;
				LastSwiftUpdateCheck = 1620;
				LastUpgradeCheck = 1620;
				TargetAttributes = {
					68C74510121B1C74E5C1C3AC = {
						CreatedOnToolsVersion = 16.2;
					};
				};
			};
			buildConfigurationList = 39F6ADB767CA7EA453352DB2 /* Build configuration list for PBXProject "iosApp" */;
			developmentRegion = en;
			hasScannedForEncodings = 0;
			knownRegions = (
				en,
				Base,
			);
			mainGroup = EBC945436ACFF518C9B2FBF4;
			minimizedProjectReferenceProxies = 1;
			preferredProjectObjectVersion = 77;
			productRefGroup = BD608C87FDF7E64F1B4BBEE2 /* Products */;
			projectDirPath = "";
			projectRoot = "";
			targets = (
				68C74510121B1C74E5C1C3AC /* iosApp */,
			);
		};
/* End PBXProject section */

/* Begin PBXResourcesBuildPhase section */
		A4FD130FECBA1F910BD1472F /* Resources */ = {
			isa = PBXResourcesBuildPhase;
			buildActionMask = 2147483647;
			files = (
				7654E55A2F019E77003E0465 /* Preview Assets.xcassets in Resources */,
				7654E55B2F019E77003E0465 /* Assets.xcassets in Resources */,
			);
			runOnlyForDeploymentPostprocessing = 0;
		};
/* End PBXResourcesBuildPhase section */

/* Begin PBXShellScriptBuildPhase section */
		246F55D3133C2AFD4E66FD03 /* Compile Kotlin Framework */ = {
			isa = PBXShellScriptBuildPhase;
			alwaysOutOfDate = 1;
			buildActionMask = 2147483647;
			files = (
			);
			inputFileListPaths = (
			);
			inputPaths = (
			);
			name = "Compile Kotlin Framework";
			outputFileListPaths = (
			);
			outputPaths = (
			);
			runOnlyForDeploymentPostprocessing = 0;
			shellPath = /bin/sh;
			shellScript = "if [ \"YES\" = \"$OVERRIDE_KOTLIN_BUILD_IDE_SUPPORTED\" ]; then\n  echo \"Skipping Gradle build task invocation due to OVERRIDE_KOTLIN_BUILD_IDE_SUPPORTED environment variable set to \\\"YES\\\"\"\n  exit 0\nfi\ncd \"$SRCROOT/..\"\n./gradlew :shared:embedAndSignAppleFrameworkForXcode\n";
		};
/* End PBXShellScriptBuildPhase section */

/* Begin PBXSourcesBuildPhase section */
		E1E9E5388A1AF1ADA4F2B6F5 /* Sources */ = {
			isa = PBXSourcesBuildPhase;
			buildActionMask = 2147483647;
			files = (
				7654E5592F019E77003E0465 /* iOSApp.swift in Sources */,
				7654E5652F01A004003E0465 /* WorkoutsScreen.swift in Sources */,
				7654E55F2F019EC3003E0465 /* TabBarScreen.swift in Sources */,
				7654E5722F01C133003E0465 /* CFlowExt.swift in Sources */,
				76951C8E2F07C140003311F2 /* ExerciseListRow.swift in Sources */,
				7654E5732F01C133003E0465 /* ViewModelStateNullable.swift in Sources */,
				7654E5742F01C133003E0465 /* ViewModelBinding.swift in Sources */,
				7654E5752F01C133003E0465 /* ViewModelState.swift in Sources */,
				7654E5762F01C133003E0465 /* ViewModelObservable.swift in Sources */,
				7654E5692F01A02B003E0465 /* InfoScreen.swift in Sources */,
				7654E5672F01A022003E0465 /* ExercisesScreen.swift in Sources */,
			);
			runOnlyForDeploymentPostprocessing = 0;
		};
/* End PBXSourcesBuildPhase section */

/* Begin XCBuildConfiguration section */
		89DDDF43C7F90EB2C3C0BD03 /* Debug */ = {
			isa = XCBuildConfiguration;
			baseConfigurationReference = 7654E54F2F019E74003E0465 /* Config.xcconfig */;
			buildSettings = {
				ALWAYS_SEARCH_USER_PATHS = NO;
				ASSETCATALOG_COMPILER_GENERATE_SWIFT_ASSET_SYMBOL_EXTENSIONS = YES;
				CLANG_ANALYZER_NONNULL = YES;
				CLANG_ANALYZER_NUMBER_OBJECT_CONVERSION = YES_AGGRESSIVE;
				CLANG_CXX_LANGUAGE_STANDARD = "gnu++20";
				CLANG_ENABLE_MODULES = YES;
				CLANG_ENABLE_OBJC_ARC = YES;
				CLANG_ENABLE_OBJC_WEAK = YES;
				CLANG_WARN_BLOCK_CAPTURE_AUTORELEASING = YES;
				CLANG_WARN_BOOL_CONVERSION = YES;
				CLANG_WARN_COMMA = YES;
				CLANG_WARN_CONSTANT_CONVERSION = YES;
				CLANG_WARN_DEPRECATED_OBJC_IMPLEMENTATIONS = YES;
				CLANG_WARN_DIRECT_OBJC_ISA_USAGE = YES_ERROR;
				CLANG_WARN_DOCUMENTATION_COMMENTS = YES;
				CLANG_WARN_EMPTY_BODY = YES;
				CLANG_WARN_ENUM_CONVERSION = YES;
				CLANG_WARN_INFINITE_RECURSION = YES;
				CLANG_WARN_INT_CONVERSION = YES;
				CLANG_WARN_NON_LITERAL_NULL_CONVERSION = YES;
				CLANG_WARN_OBJC_IMPLICIT_RETAIN_SELF = YES;
				CLANG_WARN_OBJC_LITERAL_CONVERSION = YES;
				CLANG_WARN_OBJC_ROOT_CLASS = YES_ERROR;
				CLANG_WARN_QUOTED_INCLUDE_IN_FRAMEWORK_HEADER = YES;
				CLANG_WARN_RANGE_LOOP_ANALYSIS = YES;
				CLANG_WARN_STRICT_PROTOTYPES = YES;
				CLANG_WARN_SUSPICIOUS_MOVE = YES;
				CLANG_WARN_UNGUARDED_AVAILABILITY = YES_AGGRESSIVE;
				CLANG_WARN_UNREACHABLE_CODE = YES;
				CLANG_WARN__DUPLICATE_METHOD_MATCH = YES;
				COPY_PHASE_STRIP = NO;
				DEBUG_INFORMATION_FORMAT = dwarf;
				ENABLE_STRICT_OBJC_MSGSEND = YES;
				ENABLE_TESTABILITY = YES;
				ENABLE_USER_SCRIPT_SANDBOXING = NO;
				GCC_C_LANGUAGE_STANDARD = gnu17;
				GCC_DYNAMIC_NO_PIC = NO;
				GCC_NO_COMMON_BLOCKS = YES;
				GCC_OPTIMIZATION_LEVEL = 0;
				GCC_PREPROCESSOR_DEFINITIONS = (
					"DEBUG=1",
					"$(inherited)",
				);
				GCC_WARN_64_TO_32_BIT_CONVERSION = YES;
				GCC_WARN_ABOUT_RETURN_TYPE = YES_ERROR;
				GCC_WARN_UNDECLARED_SELECTOR = YES;
				GCC_WARN_UNINITIALIZED_AUTOS = YES_AGGRESSIVE;
				GCC_WARN_UNUSED_FUNCTION = YES;
				GCC_WARN_UNUSED_VARIABLE = YES;
				IPHONEOS_DEPLOYMENT_TARGET = 18.2;
				LOCALIZATION_PREFERS_STRING_CATALOGS = YES;
				MTL_ENABLE_DEBUG_INFO = INCLUDE_SOURCE;
				MTL_FAST_MATH = YES;
				ONLY_ACTIVE_ARCH = YES;
				SDKROOT = iphoneos;
				SWIFT_ACTIVE_COMPILATION_CONDITIONS = "DEBUG $(inherited)";
				SWIFT_OPTIMIZATION_LEVEL = "-Onone";
			};
			name = Debug;
		};
		A21E99735FDDFB2B4F027DA2 /* Release */ = {
			isa = XCBuildConfiguration;
			baseConfigurationReference = 7654E54F2F019E74003E0465 /* Config.xcconfig */;
			buildSettings = {
				ALWAYS_SEARCH_USER_PATHS = NO;
				ASSETCATALOG_COMPILER_GENERATE_SWIFT_ASSET_SYMBOL_EXTENSIONS = YES;
				CLANG_ANALYZER_NONNULL = YES;
				CLANG_ANALYZER_NUMBER_OBJECT_CONVERSION = YES_AGGRESSIVE;
				CLANG_CXX_LANGUAGE_STANDARD = "gnu++20";
				CLANG_ENABLE_MODULES = YES;
				CLANG_ENABLE_OBJC_ARC = YES;
				CLANG_ENABLE_OBJC_WEAK = YES;
				CLANG_WARN_BLOCK_CAPTURE_AUTORELEASING = YES;
				CLANG_WARN_BOOL_CONVERSION = YES;
				CLANG_WARN_COMMA = YES;
				CLANG_WARN_CONSTANT_CONVERSION = YES;
				CLANG_WARN_DEPRECATED_OBJC_IMPLEMENTATIONS = YES;
				CLANG_WARN_DIRECT_OBJC_ISA_USAGE = YES_ERROR;
				CLANG_WARN_DOCUMENTATION_COMMENTS = YES;
				CLANG_WARN_EMPTY_BODY = YES;
				CLANG_WARN_ENUM_CONVERSION = YES;
				CLANG_WARN_INFINITE_RECURSION = YES;
				CLANG_WARN_INT_CONVERSION = YES;
				CLANG_WARN_NON_LITERAL_NULL_CONVERSION = YES;
				CLANG_WARN_OBJC_IMPLICIT_RETAIN_SELF = YES;
				CLANG_WARN_OBJC_LITERAL_CONVERSION = YES;
				CLANG_WARN_OBJC_ROOT_CLASS = YES_ERROR;
				CLANG_WARN_QUOTED_INCLUDE_IN_FRAMEWORK_HEADER = YES;
				CLANG_WARN_RANGE_LOOP_ANALYSIS = YES;
				CLANG_WARN_STRICT_PROTOTYPES = YES;
				CLANG_WARN_SUSPICIOUS_MOVE = YES;
				CLANG_WARN_UNGUARDED_AVAILABILITY = YES_AGGRESSIVE;
				CLANG_WARN_UNREACHABLE_CODE = YES;
				CLANG_WARN__DUPLICATE_METHOD_MATCH = YES;
				COPY_PHASE_STRIP = NO;
				DEBUG_INFORMATION_FORMAT = "dwarf-with-dsym";
				ENABLE_NS_ASSERTIONS = NO;
				ENABLE_STRICT_OBJC_MSGSEND = YES;
				ENABLE_USER_SCRIPT_SANDBOXING = NO;
				GCC_C_LANGUAGE_STANDARD = gnu17;
				GCC_NO_COMMON_BLOCKS = YES;
				GCC_WARN_64_TO_32_BIT_CONVERSION = YES;
				GCC_WARN_ABOUT_RETURN_TYPE = YES_ERROR;
				GCC_WARN_UNDECLARED_SELECTOR = YES;
				GCC_WARN_UNINITIALIZED_AUTOS = YES_AGGRESSIVE;
				GCC_WARN_UNUSED_FUNCTION = YES;
				GCC_WARN_UNUSED_VARIABLE = YES;
				IPHONEOS_DEPLOYMENT_TARGET = 18.2;
				LOCALIZATION_PREFERS_STRING_CATALOGS = YES;
				MTL_ENABLE_DEBUG_INFO = NO;
				MTL_FAST_MATH = YES;
				SDKROOT = iphoneos;
				SWIFT_COMPILATION_MODE = wholemodule;
				VALIDATE_PRODUCT = YES;
			};
			name = Release;
		};
		BD8EB25B949D415C5220ACCB /* Debug */ = {
			isa = XCBuildConfiguration;
			buildSettings = {
				ARCHS = arm64;
				ASSETCATALOG_COMPILER_APPICON_NAME = AppIcon;
				ASSETCATALOG_COMPILER_GLOBAL_ACCENT_COLOR_NAME = AccentColor;
				CODE_SIGN_IDENTITY = "Apple Development";
				CODE_SIGN_STYLE = Automatic;
				DEVELOPMENT_ASSET_PATHS = "\"iosApp/Preview Content\"";
				DEVELOPMENT_TEAM = "${TEAM_ID}";
				ENABLE_PREVIEWS = YES;
				GENERATE_INFOPLIST_FILE = YES;
				INFOPLIST_FILE = iosApp/App/Info.plist;
				INFOPLIST_KEY_UIApplicationSceneManifest_Generation = YES;
				INFOPLIST_KEY_UIApplicationSupportsIndirectInputEvents = YES;
				INFOPLIST_KEY_UILaunchScreen_Generation = YES;
				INFOPLIST_KEY_UISupportedInterfaceOrientations_iPad = "UIInterfaceOrientationPortrait UIInterfaceOrientationPortraitUpsideDown UIInterfaceOrientationLandscapeLeft UIInterfaceOrientationLandscapeRight";
				INFOPLIST_KEY_UISupportedInterfaceOrientations_iPhone = "UIInterfaceOrientationPortrait UIInterfaceOrientationLandscapeLeft UIInterfaceOrientationLandscapeRight";
				LD_RUNPATH_SEARCH_PATHS = (
					"$(inherited)",
					"@executable_path/Frameworks",
				);
				SWIFT_EMIT_LOC_STRINGS = YES;
				SWIFT_VERSION = 5.0;
				TARGETED_DEVICE_FAMILY = "1,2";
			};
			name = Debug;
		};
		E9B402B031A3E750DF5BADD9 /* Release */ = {
			isa = XCBuildConfiguration;
			buildSettings = {
				ARCHS = arm64;
				ASSETCATALOG_COMPILER_APPICON_NAME = AppIcon;
				ASSETCATALOG_COMPILER_GLOBAL_ACCENT_COLOR_NAME = AccentColor;
				CODE_SIGN_IDENTITY = "Apple Development";
				CODE_SIGN_STYLE = Automatic;
				DEVELOPMENT_ASSET_PATHS = "\"iosApp/Preview Content\"";
				DEVELOPMENT_TEAM = "${TEAM_ID}";
				ENABLE_PREVIEWS = YES;
				GENERATE_INFOPLIST_FILE = YES;
				INFOPLIST_FILE = iosApp/App/Info.plist;
				INFOPLIST_KEY_UIApplicationSceneManifest_Generation = YES;
				INFOPLIST_KEY_UIApplicationSupportsIndirectInputEvents = YES;
				INFOPLIST_KEY_UILaunchScreen_Generation = YES;
				INFOPLIST_KEY_UISupportedInterfaceOrientations_iPad = "UIInterfaceOrientationPortrait UIInterfaceOrientationPortraitUpsideDown UIInterfaceOrientationLandscapeLeft UIInterfaceOrientationLandscapeRight";
				INFOPLIST_KEY_UISupportedInterfaceOrientations_iPhone = "UIInterfaceOrientationPortrait UIInterfaceOrientationLandscapeLeft UIInterfaceOrientationLandscapeRight";
				LD_RUNPATH_SEARCH_PATHS = (
					"$(inherited)",
					"@executable_path/Frameworks",
				);
				SWIFT_EMIT_LOC_STRINGS = YES;
				SWIFT_VERSION = 5.0;
				TARGETED_DEVICE_FAMILY = "1,2";
			};
			name = Release;
		};
/* End XCBuildConfiguration section */

/* Begin XCConfigurationList section */
		39F6ADB767CA7EA453352DB2 /* Build configuration list for PBXProject "iosApp" */ = {
			isa = XCConfigurationList;
			buildConfigurations = (
				89DDDF43C7F90EB2C3C0BD03 /* Debug */,
				A21E99735FDDFB2B4F027DA2 /* Release */,
			);
			defaultConfigurationIsVisible = 0;
			defaultConfigurationName = Release;
		};
		9453DF087C9AA97172AB8170 /* Build configuration list for PBXNativeTarget "iosApp" */ = {
			isa = XCConfigurationList;
			buildConfigurations = (
				BD8EB25B949D415C5220ACCB /* Debug */,
				E9B402B031A3E750DF5BADD9 /* Release */,
			);
			defaultConfigurationIsVisible = 0;
			defaultConfigurationName = Release;
		};
/* End XCConfigurationList section */
	};
	rootObject = 0CDDAB3466B3BDF296DBF3E6 /* Project object */;
}
